{
  "name": "pdf-export",
  "version": "1.4.0",
  "lockfileVersion": 1,
  "requires": true,
  "dependencies": {
    "@types/node": {
      "version": "https://registry.npm.taobao.org/@types/node/download/@types/node-8.0.17.tgz",
      "integrity": "sha1-Z3vIwRjPt2AT/rti7eHzHSxyIqE=",
      "dev": true
    },
    "chrome-remote-interface": {
      "version": "https://registry.npm.taobao.org/chrome-remote-interface/download/chrome-remote-interface-0.24.3.tgz",
      "integrity": "sha1-7jglL9Q76kNd0du3T0uQ0XkYa8k=",
      "requires": {
        "commander": "http://registry.npm.taobao.org/commander/download/commander-2.1.0.tgz",
        "ws": "https://registry.npm.taobao.org/ws/download/ws-2.0.3.tgz"
      }
    },
    "commander": {
      "version": "http://registry.npm.taobao.org/commander/download/commander-2.1.0.tgz",
      "integrity": "sha1-0SG7roYNmZKj1Re6lvVliOR8Z4E="
    },
    "typescript": {
      "version": "https://registry.npm.taobao.org/typescript/download/typescript-2.4.2.tgz",
      "integrity": "sha1-+DlfhdRZJ2BnyYiqQYN6j4KHCEQ=",
      "dev": true
    },
    "ultron": {
      "version": "https://registry.npm.taobao.org/ultron/download/ultron-1.1.0.tgz",
      "integrity": "sha1-sHoualQagV/Go0zNRTO67DB8qGQ="
    },
    "ws": {
      "version": "https://registry.npm.taobao.org/ws/download/ws-2.0.3.tgz",
      "integrity": "sha1-Uy/UmcP319cg5UPx+AcQbPxX2cs=",
      "requires": {
        "ultron": "https://registry.npm.taobao.org/ultron/download/ultron-1.1.0.tgz"
      }
    }
  }
}
